
Microsoft Visual Studio Solution File, Format Version 12.00
# Visual Studio Version 17
VisualStudioVersion = 17.7.34031.279
MinimumVisualStudioVersion = 10.0.40219.1
Project("{2150E333-8FDC-42A3-9474-1A3956D46DE8}") = "Sectos", "Sectos", "{2795DDD4-561F-4727-82B6-D897DD5CC23F}"
EndProject
Project("{2150E333-8FDC-42A3-9474-1A3956D46DE8}") = "NewSector", "NewSector", "{2E979DAE-B6C0-40CB-BFDC-A05D9C37E966}"
EndProject
Project("{9A19103F-16F7-4668-BE54-9A1E7A4F7556}") = "AddNewSector", "Sectors\NewSector\AddNewSector\AddNewSector.csproj", "{83E74D37-5E9D-43E0-8215-B0AFB7951C5C}"
EndProject
Project("{2150E333-8FDC-42A3-9474-1A3956D46DE8}") = "NewRequest", "NewRequest", "{6F5A82A7-60CE-456A-B778-3708F718782F}"
EndProject
Project("{9A19103F-16F7-4668-BE54-9A1E7A4F7556}") = "NewSectorRequest", "Sectors\NewRequest\NewRequest\NewSectorRequest.csproj", "{1D15A0E6-8B73-4D34-A8F6-51A25A670B6A}"
EndProject
Project("{2150E333-8FDC-42A3-9474-1A3956D46DE8}") = "Login", "Login", "{F0D3B4C3-443D-478B-A7A2-2EACBE0A2651}"
EndProject
Project("{2150E333-8FDC-42A3-9474-1A3956D46DE8}") = "SuccessLogin", "SuccessLogin", "{2C72D889-C501-4FFA-BD3F-8D7DB6EE8F93}"
EndProject
Project("{2150E333-8FDC-42A3-9474-1A3956D46DE8}") = "FailureLogin", "FailureLogin", "{F18A0E41-A242-4914-AA13-CA6570D52D78}"
EndProject
Project("{9A19103F-16F7-4668-BE54-9A1E7A4F7556}") = "SuccessLogin", "Login\SuccessLogin\SuccessLogin\SuccessLogin.csproj", "{74B17491-BF8B-4344-BD50-E65FFBC2D28A}"
EndProject
Project("{9A19103F-16F7-4668-BE54-9A1E7A4F7556}") = "LoginFailed", "Login\FailureLogin\LoginFailed\LoginFailed.csproj", "{22C7846B-B850-4284-AFD2-47376CB3C526}"
EndProject
Project("{2150E333-8FDC-42A3-9474-1A3956D46DE8}") = "Categories", "Categories", "{5E34F5D4-A379-4230-8372-4754329537D4}"
EndProject
Project("{2150E333-8FDC-42A3-9474-1A3956D46DE8}") = "NewCategory", "NewCategory", "{12D29DDD-139B-4E9F-BBCE-C244C9671385}"
EndProject
Project("{2150E333-8FDC-42A3-9474-1A3956D46DE8}") = "RequestCategory", "RequestCategory", "{47247BC3-7D16-4DB3-BAF8-AF3ACF3AC69B}"
EndProject
Project("{9A19103F-16F7-4668-BE54-9A1E7A4F7556}") = "CreateNewCategory", "Categories\NewCategory\CreateNewCategory\CreateNewCategory.csproj", "{F904186B-2D2E-4AE5-A27D-AB48CDBD934F}"
EndProject
Project("{9A19103F-16F7-4668-BE54-9A1E7A4F7556}") = "RequestCategory", "Categories\RequestCategory\RequestCategory\RequestCategory.csproj", "{5542F78A-9092-44C0-A662-D6724539274B}"
EndProject
Project("{2150E333-8FDC-42A3-9474-1A3956D46DE8}") = "Indicators", "Indicators", "{894E8CEE-AE36-4B9A-92A1-001AD26CC542}"
EndProject
Project("{2150E333-8FDC-42A3-9474-1A3956D46DE8}") = "New Indicator", "New Indicator", "{58AC81C6-9B36-4353-8C30-A4B1885D9926}"
EndProject
Project("{2150E333-8FDC-42A3-9474-1A3956D46DE8}") = "New Request", "New Request", "{AEDFCF48-C452-4A98-A90C-FEED2797EC84}"
EndProject
Project("{2150E333-8FDC-42A3-9474-1A3956D46DE8}") = "Bulk Upload", "Bulk Upload", "{9439E970-D4A1-4E6F-88D7-B1DB03B11556}"
EndProject
Project("{9A19103F-16F7-4668-BE54-9A1E7A4F7556}") = "NewIndicator", "Indicators\New Indicator\NewIndicator\NewIndicator.csproj", "{6D925EB1-D145-499F-B5AE-7FC451587A45}"
EndProject
Project("{9A19103F-16F7-4668-BE54-9A1E7A4F7556}") = "NewIndicatorRequest", "Indicators\New Request\NewRequest\NewIndicatorRequest.csproj", "{5166922C-E24D-4672-AFF3-90411B556A26}"
EndProject
Project("{9A19103F-16F7-4668-BE54-9A1E7A4F7556}") = "IndicatorBulkUpload", "Indicators\Bulk Upload\IndicatorBulkUpload\IndicatorBulkUpload.csproj", "{445C3D1E-2B80-4B5B-98F9-E84028C175EF}"
EndProject
Project("{2150E333-8FDC-42A3-9474-1A3956D46DE8}") = "Tables", "Tables", "{B10B9BFA-4B78-45C4-94BA-B7997B330BC4}"
EndProject
Project("{2150E333-8FDC-42A3-9474-1A3956D46DE8}") = "NewTable", "NewTable", "{24AFCFFD-AF35-495C-95B7-D79F0C4F7E2B}"
EndProject
Project("{2150E333-8FDC-42A3-9474-1A3956D46DE8}") = "NewRequest", "NewRequest", "{44B9AD83-942D-445B-8E39-394D0E4A817B}"
EndProject
Project("{2150E333-8FDC-42A3-9474-1A3956D46DE8}") = "BulkTable", "BulkTable", "{6000F794-E7AA-4002-A111-480419225792}"
EndProject
Project("{9A19103F-16F7-4668-BE54-9A1E7A4F7556}") = "NewTable", "Tables\NewTable\NewTable\NewTable.csproj", "{59315549-FAC2-40BC-A636-A3DEB85FF258}"
EndProject
Project("{9A19103F-16F7-4668-BE54-9A1E7A4F7556}") = "NewRequest", "Tables\NewRequest\NewRequest\NewRequest.csproj", "{AC95403A-943F-47E3-9FB0-F0017E79DDF9}"
EndProject
Project("{9A19103F-16F7-4668-BE54-9A1E7A4F7556}") = "BulkTable", "Tables\BulkTable\BulkTable\BulkTable.csproj", "{1278B983-36E9-428E-9718-15829005CCE8}"
EndProject
Project("{2150E333-8FDC-42A3-9474-1A3956D46DE8}") = "Dictionary", "Dictionary", "{E985E9FF-8937-403C-9114-E83C3DC57F24}"
EndProject
Project("{2150E333-8FDC-42A3-9474-1A3956D46DE8}") = "Frequency", "Frequency", "{08AFD1D8-3E23-4CC6-812C-F611FA893A0D}"
EndProject
Project("{2150E333-8FDC-42A3-9474-1A3956D46DE8}") = "Units", "Units", "{0B3BD3B9-F1F1-4084-BB96-1082A9A19B00}"
EndProject
Project("{2150E333-8FDC-42A3-9474-1A3956D46DE8}") = "Data Entities", "Data Entities", "{2FA39814-84BC-4FEF-9157-A29CB86BC787}"
EndProject
Project("{2150E333-8FDC-42A3-9474-1A3956D46DE8}") = "Data Sources", "Data Sources", "{C64BCC15-D424-4707-BA58-CCABCB6F3FEC}"
EndProject
Project("{2150E333-8FDC-42A3-9474-1A3956D46DE8}") = "New DataEntity", "New DataEntity", "{6D2CC4E8-D2FD-449A-8F90-3770CA2830CB}"
EndProject
Project("{2150E333-8FDC-42A3-9474-1A3956D46DE8}") = "New Request", "New Request", "{06903949-ED16-498C-B441-B3CD589034BB}"
EndProject
Project("{9A19103F-16F7-4668-BE54-9A1E7A4F7556}") = "NewDataEntity", "Dictionary\Data Entities\New DataEntity\NewDataEntity\NewDataEntity.csproj", "{971A3F12-3A42-42EF-BA25-BD005182ACB1}"
EndProject
Project("{9A19103F-16F7-4668-BE54-9A1E7A4F7556}") = "NewRequest", "Dictionary\Data Entities\New Request\NewRequest\NewRequest.csproj", "{A43D6077-01B6-464F-BF53-6FB58C7E12B2}"
EndProject
Project("{2150E333-8FDC-42A3-9474-1A3956D46DE8}") = "New Frequency", "New Frequency", "{79A8648B-A435-47A6-A9D9-61C1C79D6814}"
EndProject
Project("{2150E333-8FDC-42A3-9474-1A3956D46DE8}") = "New Request", "New Request", "{475DE35B-A5E3-4079-992F-9FD46605D6E3}"
EndProject
Project("{9A19103F-16F7-4668-BE54-9A1E7A4F7556}") = "NewFrequency", "Dictionary\Frequency\New Frequency\NewFrequency\NewFrequency.csproj", "{78A8FC54-DB19-49E8-A16A-9E12246E5496}"
EndProject
Project("{9A19103F-16F7-4668-BE54-9A1E7A4F7556}") = "NewRequest", "Dictionary\Frequency\New Request\NewRequest\NewRequest.csproj", "{BC68BDD9-0E29-461D-846D-1D6D43738ACF}"
EndProject
Project("{2150E333-8FDC-42A3-9474-1A3956D46DE8}") = "NewDataUnits", "NewDataUnits", "{D7281638-0405-498A-8AF1-A10F5E90CED7}"
EndProject
Project("{2150E333-8FDC-42A3-9474-1A3956D46DE8}") = "NewRequest", "NewRequest", "{26975C38-F62A-484A-ABA9-3D4BEE6992D9}"
EndProject
Project("{9A19103F-16F7-4668-BE54-9A1E7A4F7556}") = "NewUnit", "Dictionary\Units\NewDataUnits\NewUnit\NewUnit.csproj", "{0E9E0B7E-9FBE-46DE-ABF7-824F1203E203}"
EndProject
Project("{9A19103F-16F7-4668-BE54-9A1E7A4F7556}") = "NewRequest", "Dictionary\Units\NewRequest\NewRequest\NewRequest.csproj", "{437908E4-A0C4-47DA-8622-484352992045}"
EndProject
Project("{2150E333-8FDC-42A3-9474-1A3956D46DE8}") = "New DataSources", "New DataSources", "{91D0C188-DE38-40E0-B2E5-81D89FEEC29D}"
EndProject
Project("{2150E333-8FDC-42A3-9474-1A3956D46DE8}") = "New Request", "New Request", "{8BEFB534-DBC0-4E26-ADA0-D4650DFA872D}"
EndProject
Project("{9A19103F-16F7-4668-BE54-9A1E7A4F7556}") = "NewDataSource", "Dictionary\Data Sources\New DataSources\NewDataSource\NewDataSource.csproj", "{EEF6DEE1-7D9D-49BD-B058-54CF408AA15B}"
EndProject
Project("{9A19103F-16F7-4668-BE54-9A1E7A4F7556}") = "NewRequest", "Dictionary\Data Sources\New Request\NewRequest\NewRequest.csproj", "{BF6058D0-E9D1-4079-80E1-37C1EADD4B81}"
EndProject
Project("{2150E333-8FDC-42A3-9474-1A3956D46DE8}") = "CMS", "CMS", "{2CB005B7-AFEF-40F7-93B2-6D64BAA99916}"
EndProject
Project("{2150E333-8FDC-42A3-9474-1A3956D46DE8}") = "Analytic Contents", "Analytic Contents", "{39D66565-F5E0-4475-B1DE-A4A180D357FE}"
EndProject
Project("{2150E333-8FDC-42A3-9474-1A3956D46DE8}") = "New AnalyticContent", "New AnalyticContent", "{416B7CC6-A9D3-44C3-878D-F41220AF7BEB}"
EndProject
Project("{2150E333-8FDC-42A3-9474-1A3956D46DE8}") = "Flash Cards", "Flash Cards", "{0CA67751-6760-4494-B1B3-21AF3273B527}"
EndProject
Project("{2150E333-8FDC-42A3-9474-1A3956D46DE8}") = "New FlashCard", "New FlashCard", "{7478261F-2BEF-4788-97AC-151C6FB8E4D2}"
EndProject
Project("{2150E333-8FDC-42A3-9474-1A3956D46DE8}") = "FeauturedContent", "FeauturedContent", "{9B90489F-6885-4F22-A12A-DA9685696271}"
EndProject
Project("{2150E333-8FDC-42A3-9474-1A3956D46DE8}") = "New FeauturedContent", "New FeauturedContent", "{35627D17-DBA5-45CE-A4C6-8139E2FD9E95}"
EndProject
Project("{2150E333-8FDC-42A3-9474-1A3956D46DE8}") = "Quick Flashes", "Quick Flashes", "{0069ECFF-95FC-4342-A09A-D8B1AC4D2D8A}"
EndProject
Project("{2150E333-8FDC-42A3-9474-1A3956D46DE8}") = "New QuickFlashes", "New QuickFlashes", "{7D01E8E0-B742-4755-B20A-B749B94360EC}"
EndProject
Project("{9A19103F-16F7-4668-BE54-9A1E7A4F7556}") = "NewAlanitics", "CMS\Analytic Contents\New AnalyticContent\NewAlanitics\NewAlanitics.csproj", "{FA7206D5-08C8-40AF-84E2-AA3D9BF60121}"
EndProject
Project("{9A19103F-16F7-4668-BE54-9A1E7A4F7556}") = "NewFeaturedContent", "CMS\FeauturedContent\New FeauturedContent\NewFeaturedContent\NewFeaturedContent.csproj", "{79D946E6-D2A4-4926-97C0-9213C2206B76}"
EndProject
Project("{9A19103F-16F7-4668-BE54-9A1E7A4F7556}") = "NewFlashCard", "CMS\Flash Cards\New FlashCard\NewFlashCard\NewFlashCard.csproj", "{4BEA5EF8-C517-471C-8466-DC4096FCCB94}"
EndProject
Project("{9A19103F-16F7-4668-BE54-9A1E7A4F7556}") = "NewQuickFlash", "CMS\Quick Flashes\New QuickFlashes\NewQuickFlash\NewQuickFlash.csproj", "{856C978B-DB36-48E9-915F-25ADB8AF59CF}"
EndProject
Project("{2150E333-8FDC-42A3-9474-1A3956D46DE8}") = "WorkFlow", "WorkFlow", "{5226E6AC-BF11-4FF2-8294-DD799E3C5EC4}"
EndProject
Project("{2150E333-8FDC-42A3-9474-1A3956D46DE8}") = "Review", "Review", "{1E50544F-00DC-4112-A0FA-D199406C3617}"
EndProject
Project("{2150E333-8FDC-42A3-9474-1A3956D46DE8}") = "Authorize", "Authorize", "{40BCF957-9ECC-4CAE-874E-EF7F98C1EFA8}"
EndProject
Project("{2150E333-8FDC-42A3-9474-1A3956D46DE8}") = "Archive", "Archive", "{2B737A11-52CA-4652-BC3F-C1D059BCE8AF}"
EndProject
Project("{2150E333-8FDC-42A3-9474-1A3956D46DE8}") = "Authorization", "Authorization", "{677C039D-F8DA-4E4C-8336-062D3BEF0B89}"
EndProject
Project("{2150E333-8FDC-42A3-9474-1A3956D46DE8}") = "Modification", "Modification", "{16831CE6-15FD-4548-8D75-1171498AD666}"
EndProject
Project("{2150E333-8FDC-42A3-9474-1A3956D46DE8}") = "Publication", "Publication", "{73629EF4-102E-45BC-B5EB-82A20FE43F86}"
EndProject
Project("{2150E333-8FDC-42A3-9474-1A3956D46DE8}") = "Archive", "Archive", "{1AECDFEB-CEB4-4257-AF21-8298FF7826C6}"
EndProject
Project("{2150E333-8FDC-42A3-9474-1A3956D46DE8}") = "Authorization", "Authorization", "{9B163018-AB20-421B-9B5D-9A07740106B6}"
EndProject
Project("{2150E333-8FDC-42A3-9474-1A3956D46DE8}") = "Modification", "Modification", "{1DA69265-D845-41C2-B06D-17400CB643BA}"
EndProject
Project("{2150E333-8FDC-42A3-9474-1A3956D46DE8}") = "Publication", "Publication", "{748FDA08-FFEB-43A0-8D3A-7BF0CE82AF15}"
EndProject
Project("{9A19103F-16F7-4668-BE54-9A1E7A4F7556}") = "AuthAuthorization", "WorkFlow\Review\Authorization\ReviewAuthorization\AuthAuthorization.csproj", "{46A762F6-629F-4D0A-B01C-8C8D94672197}"
EndProject
Project("{9A19103F-16F7-4668-BE54-9A1E7A4F7556}") = "RevAuthorization", "WorkFlow\Authorize\Authorization\AuthAuthorization\RevAuthorization.csproj", "{49D0B2D7-C0FE-4FED-AC7D-A33AAE326E2C}"
EndProject
Project("{9A19103F-16F7-4668-BE54-9A1E7A4F7556}") = "AuthArchive", "WorkFlow\Authorize\Archive\AuthArchive\AuthArchive.csproj", "{7B30D795-FE12-4FD3-9C41-74401C730135}"
EndProject
Project("{2150E333-8FDC-42A3-9474-1A3956D46DE8}") = "Publications", "Publications", "{0CCF92B7-0415-434A-AAE5-8B3BCDDE39DF}"
EndProject
Project("{9A19103F-16F7-4668-BE54-9A1E7A4F7556}") = "RevAchive", "WorkFlow\Review\Archive\RevAchive\RevAchive.csproj", "{3032210F-302A-4A71-84D4-DDCB9B15443F}"
EndProject
Project("{9A19103F-16F7-4668-BE54-9A1E7A4F7556}") = "RevModification", "WorkFlow\Review\Modification\RevModification\RevModification.csproj", "{5F198116-845F-48CD-B260-B7F92CC09033}"
EndProject
Project("{9A19103F-16F7-4668-BE54-9A1E7A4F7556}") = "RevPublication", "WorkFlow\Review\Publication\RevPublication\RevPublication.csproj", "{0009D6C8-C6A2-472F-A2D6-66095EAABB72}"
EndProject
Project("{9A19103F-16F7-4668-BE54-9A1E7A4F7556}") = "AuthModification", "WorkFlow\Authorize\Modification\AuthModification\AuthModification.csproj", "{0C764EFD-1E2C-4CDC-8316-20DF4ACF9343}"
EndProject
Project("{9A19103F-16F7-4668-BE54-9A1E7A4F7556}") = "AuthPublication", "WorkFlow\Authorize\Publication\AuthPublication\AuthPublication.csproj", "{B274BB61-83AF-48F5-8FA1-014867800CEA}"
EndProject
Project("{2150E333-8FDC-42A3-9474-1A3956D46DE8}") = "XUnitTest", "XUnitTest", "{D7A0E5C0-4286-4D95-9C59-E59F3D31945F}"
EndProject
Project("{2150E333-8FDC-42A3-9474-1A3956D46DE8}") = "AuthenticationTest", "AuthenticationTest", "{871ECC8C-683E-4C8C-8D85-EE3264457384}"
EndProject
Project("{9A19103F-16F7-4668-BE54-9A1E7A4F7556}") = "AuthenticationTest", "XUnitTest\AuthenticationTest\AuthenticationTest\AuthenticationTest.csproj", "{655DB2E2-ED7F-413D-9658-32923AD7B846}"
EndProject
Global
	GlobalSection(SolutionConfigurationPlatforms) = preSolution
		Debug|Any CPU = Debug|Any CPU
		Release|Any CPU = Release|Any CPU
	EndGlobalSection
	GlobalSection(ProjectConfigurationPlatforms) = postSolution
		{83E74D37-5E9D-43E0-8215-B0AFB7951C5C}.Debug|Any CPU.ActiveCfg = Debug|Any CPU
		{83E74D37-5E9D-43E0-8215-B0AFB7951C5C}.Debug|Any CPU.Build.0 = Debug|Any CPU
		{83E74D37-5E9D-43E0-8215-B0AFB7951C5C}.Release|Any CPU.ActiveCfg = Release|Any CPU
		{83E74D37-5E9D-43E0-8215-B0AFB7951C5C}.Release|Any CPU.Build.0 = Release|Any CPU
		{1D15A0E6-8B73-4D34-A8F6-51A25A670B6A}.Debug|Any CPU.ActiveCfg = Debug|Any CPU
		{1D15A0E6-8B73-4D34-A8F6-51A25A670B6A}.Debug|Any CPU.Build.0 = Debug|Any CPU
		{1D15A0E6-8B73-4D34-A8F6-51A25A670B6A}.Release|Any CPU.ActiveCfg = Release|Any CPU
		{1D15A0E6-8B73-4D34-A8F6-51A25A670B6A}.Release|Any CPU.Build.0 = Release|Any CPU
		{74B17491-BF8B-4344-BD50-E65FFBC2D28A}.Debug|Any CPU.ActiveCfg = Debug|Any CPU
		{74B17491-BF8B-4344-BD50-E65FFBC2D28A}.Debug|Any CPU.Build.0 = Debug|Any CPU
		{74B17491-BF8B-4344-BD50-E65FFBC2D28A}.Release|Any CPU.ActiveCfg = Release|Any CPU
		{74B17491-BF8B-4344-BD50-E65FFBC2D28A}.Release|Any CPU.Build.0 = Release|Any CPU
		{22C7846B-B850-4284-AFD2-47376CB3C526}.Debug|Any CPU.ActiveCfg = Debug|Any CPU
		{22C7846B-B850-4284-AFD2-47376CB3C526}.Debug|Any CPU.Build.0 = Debug|Any CPU
		{22C7846B-B850-4284-AFD2-47376CB3C526}.Release|Any CPU.ActiveCfg = Release|Any CPU
		{22C7846B-B850-4284-AFD2-47376CB3C526}.Release|Any CPU.Build.0 = Release|Any CPU
		{F904186B-2D2E-4AE5-A27D-AB48CDBD934F}.Debug|Any CPU.ActiveCfg = Debug|Any CPU
		{F904186B-2D2E-4AE5-A27D-AB48CDBD934F}.Debug|Any CPU.Build.0 = Debug|Any CPU
		{F904186B-2D2E-4AE5-A27D-AB48CDBD934F}.Release|Any CPU.ActiveCfg = Release|Any CPU
		{F904186B-2D2E-4AE5-A27D-AB48CDBD934F}.Release|Any CPU.Build.0 = Release|Any CPU
		{5542F78A-9092-44C0-A662-D6724539274B}.Debug|Any CPU.ActiveCfg = Debug|Any CPU
		{5542F78A-9092-44C0-A662-D6724539274B}.Debug|Any CPU.Build.0 = Debug|Any CPU
		{5542F78A-9092-44C0-A662-D6724539274B}.Release|Any CPU.ActiveCfg = Release|Any CPU
		{5542F78A-9092-44C0-A662-D6724539274B}.Release|Any CPU.Build.0 = Release|Any CPU
		{6D925EB1-D145-499F-B5AE-7FC451587A45}.Debug|Any CPU.ActiveCfg = Debug|Any CPU
		{6D925EB1-D145-499F-B5AE-7FC451587A45}.Debug|Any CPU.Build.0 = Debug|Any CPU
		{6D925EB1-D145-499F-B5AE-7FC451587A45}.Release|Any CPU.ActiveCfg = Release|Any CPU
		{6D925EB1-D145-499F-B5AE-7FC451587A45}.Release|Any CPU.Build.0 = Release|Any CPU
		{5166922C-E24D-4672-AFF3-90411B556A26}.Debug|Any CPU.ActiveCfg = Debug|Any CPU
		{5166922C-E24D-4672-AFF3-90411B556A26}.Debug|Any CPU.Build.0 = Debug|Any CPU
		{5166922C-E24D-4672-AFF3-90411B556A26}.Release|Any CPU.ActiveCfg = Release|Any CPU
		{5166922C-E24D-4672-AFF3-90411B556A26}.Release|Any CPU.Build.0 = Release|Any CPU
		{445C3D1E-2B80-4B5B-98F9-E84028C175EF}.Debug|Any CPU.ActiveCfg = Debug|Any CPU
		{445C3D1E-2B80-4B5B-98F9-E84028C175EF}.Debug|Any CPU.Build.0 = Debug|Any CPU
		{445C3D1E-2B80-4B5B-98F9-E84028C175EF}.Release|Any CPU.ActiveCfg = Release|Any CPU
		{445C3D1E-2B80-4B5B-98F9-E84028C175EF}.Release|Any CPU.Build.0 = Release|Any CPU
		{59315549-FAC2-40BC-A636-A3DEB85FF258}.Debug|Any CPU.ActiveCfg = Debug|Any CPU
		{59315549-FAC2-40BC-A636-A3DEB85FF258}.Debug|Any CPU.Build.0 = Debug|Any CPU
		{59315549-FAC2-40BC-A636-A3DEB85FF258}.Release|Any CPU.ActiveCfg = Release|Any CPU
		{59315549-FAC2-40BC-A636-A3DEB85FF258}.Release|Any CPU.Build.0 = Release|Any CPU
		{AC95403A-943F-47E3-9FB0-F0017E79DDF9}.Debug|Any CPU.ActiveCfg = Debug|Any CPU
		{AC95403A-943F-47E3-9FB0-F0017E79DDF9}.Debug|Any CPU.Build.0 = Debug|Any CPU
		{AC95403A-943F-47E3-9FB0-F0017E79DDF9}.Release|Any CPU.ActiveCfg = Release|Any CPU
		{AC95403A-943F-47E3-9FB0-F0017E79DDF9}.Release|Any CPU.Build.0 = Release|Any CPU
		{1278B983-36E9-428E-9718-15829005CCE8}.Debug|Any CPU.ActiveCfg = Debug|Any CPU
		{1278B983-36E9-428E-9718-15829005CCE8}.Debug|Any CPU.Build.0 = Debug|Any CPU
		{1278B983-36E9-428E-9718-15829005CCE8}.Release|Any CPU.ActiveCfg = Release|Any CPU
		{1278B983-36E9-428E-9718-15829005CCE8}.Release|Any CPU.Build.0 = Release|Any CPU
		{971A3F12-3A42-42EF-BA25-BD005182ACB1}.Debug|Any CPU.ActiveCfg = Debug|Any CPU
		{971A3F12-3A42-42EF-BA25-BD005182ACB1}.Debug|Any CPU.Build.0 = Debug|Any CPU
		{971A3F12-3A42-42EF-BA25-BD005182ACB1}.Release|Any CPU.ActiveCfg = Release|Any CPU
		{971A3F12-3A42-42EF-BA25-BD005182ACB1}.Release|Any CPU.Build.0 = Release|Any CPU
		{A43D6077-01B6-464F-BF53-6FB58C7E12B2}.Debug|Any CPU.ActiveCfg = Debug|Any CPU
		{A43D6077-01B6-464F-BF53-6FB58C7E12B2}.Debug|Any CPU.Build.0 = Debug|Any CPU
		{A43D6077-01B6-464F-BF53-6FB58C7E12B2}.Release|Any CPU.ActiveCfg = Release|Any CPU
		{A43D6077-01B6-464F-BF53-6FB58C7E12B2}.Release|Any CPU.Build.0 = Release|Any CPU
		{78A8FC54-DB19-49E8-A16A-9E12246E5496}.Debug|Any CPU.ActiveCfg = Debug|Any CPU
		{78A8FC54-DB19-49E8-A16A-9E12246E5496}.Debug|Any CPU.Build.0 = Debug|Any CPU
		{78A8FC54-DB19-49E8-A16A-9E12246E5496}.Release|Any CPU.ActiveCfg = Release|Any CPU
		{78A8FC54-DB19-49E8-A16A-9E12246E5496}.Release|Any CPU.Build.0 = Release|Any CPU
		{BC68BDD9-0E29-461D-846D-1D6D43738ACF}.Debug|Any CPU.ActiveCfg = Debug|Any CPU
		{BC68BDD9-0E29-461D-846D-1D6D43738ACF}.Debug|Any CPU.Build.0 = Debug|Any CPU
		{BC68BDD9-0E29-461D-846D-1D6D43738ACF}.Release|Any CPU.ActiveCfg = Release|Any CPU
		{BC68BDD9-0E29-461D-846D-1D6D43738ACF}.Release|Any CPU.Build.0 = Release|Any CPU
		{0E9E0B7E-9FBE-46DE-ABF7-824F1203E203}.Debug|Any CPU.ActiveCfg = Debug|Any CPU
		{0E9E0B7E-9FBE-46DE-ABF7-824F1203E203}.Debug|Any CPU.Build.0 = Debug|Any CPU
		{0E9E0B7E-9FBE-46DE-ABF7-824F1203E203}.Release|Any CPU.ActiveCfg = Release|Any CPU
		{0E9E0B7E-9FBE-46DE-ABF7-824F1203E203}.Release|Any CPU.Build.0 = Release|Any CPU
		{437908E4-A0C4-47DA-8622-484352992045}.Debug|Any CPU.ActiveCfg = Debug|Any CPU
		{437908E4-A0C4-47DA-8622-484352992045}.Debug|Any CPU.Build.0 = Debug|Any CPU
		{437908E4-A0C4-47DA-8622-484352992045}.Release|Any CPU.ActiveCfg = Release|Any CPU
		{437908E4-A0C4-47DA-8622-484352992045}.Release|Any CPU.Build.0 = Release|Any CPU
		{EEF6DEE1-7D9D-49BD-B058-54CF408AA15B}.Debug|Any CPU.ActiveCfg = Debug|Any CPU
		{EEF6DEE1-7D9D-49BD-B058-54CF408AA15B}.Debug|Any CPU.Build.0 = Debug|Any CPU
		{EEF6DEE1-7D9D-49BD-B058-54CF408AA15B}.Release|Any CPU.ActiveCfg = Release|Any CPU
		{EEF6DEE1-7D9D-49BD-B058-54CF408AA15B}.Release|Any CPU.Build.0 = Release|Any CPU
		{BF6058D0-E9D1-4079-80E1-37C1EADD4B81}.Debug|Any CPU.ActiveCfg = Debug|Any CPU
		{BF6058D0-E9D1-4079-80E1-37C1EADD4B81}.Debug|Any CPU.Build.0 = Debug|Any CPU
		{BF6058D0-E9D1-4079-80E1-37C1EADD4B81}.Release|Any CPU.ActiveCfg = Release|Any CPU
		{BF6058D0-E9D1-4079-80E1-37C1EADD4B81}.Release|Any CPU.Build.0 = Release|Any CPU
		{FA7206D5-08C8-40AF-84E2-AA3D9BF60121}.Debug|Any CPU.ActiveCfg = Debug|Any CPU
		{FA7206D5-08C8-40AF-84E2-AA3D9BF60121}.Debug|Any CPU.Build.0 = Debug|Any CPU
		{FA7206D5-08C8-40AF-84E2-AA3D9BF60121}.Release|Any CPU.ActiveCfg = Release|Any CPU
		{FA7206D5-08C8-40AF-84E2-AA3D9BF60121}.Release|Any CPU.Build.0 = Release|Any CPU
		{79D946E6-D2A4-4926-97C0-9213C2206B76}.Debug|Any CPU.ActiveCfg = Debug|Any CPU
		{79D946E6-D2A4-4926-97C0-9213C2206B76}.Debug|Any CPU.Build.0 = Debug|Any CPU
		{79D946E6-D2A4-4926-97C0-9213C2206B76}.Release|Any CPU.ActiveCfg = Release|Any CPU
		{79D946E6-D2A4-4926-97C0-9213C2206B76}.Release|Any CPU.Build.0 = Release|Any CPU
		{4BEA5EF8-C517-471C-8466-DC4096FCCB94}.Debug|Any CPU.ActiveCfg = Debug|Any CPU
		{4BEA5EF8-C517-471C-8466-DC4096FCCB94}.Debug|Any CPU.Build.0 = Debug|Any CPU
		{4BEA5EF8-C517-471C-8466-DC4096FCCB94}.Release|Any CPU.ActiveCfg = Release|Any CPU
		{4BEA5EF8-C517-471C-8466-DC4096FCCB94}.Release|Any CPU.Build.0 = Release|Any CPU
		{856C978B-DB36-48E9-915F-25ADB8AF59CF}.Debug|Any CPU.ActiveCfg = Debug|Any CPU
		{856C978B-DB36-48E9-915F-25ADB8AF59CF}.Debug|Any CPU.Build.0 = Debug|Any CPU
		{856C978B-DB36-48E9-915F-25ADB8AF59CF}.Release|Any CPU.ActiveCfg = Release|Any CPU
		{856C978B-DB36-48E9-915F-25ADB8AF59CF}.Release|Any CPU.Build.0 = Release|Any CPU
		{46A762F6-629F-4D0A-B01C-8C8D94672197}.Debug|Any CPU.ActiveCfg = Debug|Any CPU
		{46A762F6-629F-4D0A-B01C-8C8D94672197}.Debug|Any CPU.Build.0 = Debug|Any CPU
		{46A762F6-629F-4D0A-B01C-8C8D94672197}.Release|Any CPU.ActiveCfg = Release|Any CPU
		{46A762F6-629F-4D0A-B01C-8C8D94672197}.Release|Any CPU.Build.0 = Release|Any CPU
		{49D0B2D7-C0FE-4FED-AC7D-A33AAE326E2C}.Debug|Any CPU.ActiveCfg = Debug|Any CPU
		{49D0B2D7-C0FE-4FED-AC7D-A33AAE326E2C}.Debug|Any CPU.Build.0 = Debug|Any CPU
		{49D0B2D7-C0FE-4FED-AC7D-A33AAE326E2C}.Release|Any CPU.ActiveCfg = Release|Any CPU
		{49D0B2D7-C0FE-4FED-AC7D-A33AAE326E2C}.Release|Any CPU.Build.0 = Release|Any CPU
		{7B30D795-FE12-4FD3-9C41-74401C730135}.Debug|Any CPU.ActiveCfg = Debug|Any CPU
		{7B30D795-FE12-4FD3-9C41-74401C730135}.Debug|Any CPU.Build.0 = Debug|Any CPU
		{7B30D795-FE12-4FD3-9C41-74401C730135}.Release|Any CPU.ActiveCfg = Release|Any CPU
		{7B30D795-FE12-4FD3-9C41-74401C730135}.Release|Any CPU.Build.0 = Release|Any CPU
		{3032210F-302A-4A71-84D4-DDCB9B15443F}.Debug|Any CPU.ActiveCfg = Debug|Any CPU
		{3032210F-302A-4A71-84D4-DDCB9B15443F}.Debug|Any CPU.Build.0 = Debug|Any CPU
		{3032210F-302A-4A71-84D4-DDCB9B15443F}.Release|Any CPU.ActiveCfg = Release|Any CPU
		{3032210F-302A-4A71-84D4-DDCB9B15443F}.Release|Any CPU.Build.0 = Release|Any CPU
		{5F198116-845F-48CD-B260-B7F92CC09033}.Debug|Any CPU.ActiveCfg = Debug|Any CPU
		{5F198116-845F-48CD-B260-B7F92CC09033}.Debug|Any CPU.Build.0 = Debug|Any CPU
		{5F198116-845F-48CD-B260-B7F92CC09033}.Release|Any CPU.ActiveCfg = Release|Any CPU
		{5F198116-845F-48CD-B260-B7F92CC09033}.Release|Any CPU.Build.0 = Release|Any CPU
		{0009D6C8-C6A2-472F-A2D6-66095EAABB72}.Debug|Any CPU.ActiveCfg = Debug|Any CPU
		{0009D6C8-C6A2-472F-A2D6-66095EAABB72}.Debug|Any CPU.Build.0 = Debug|Any CPU
		{0009D6C8-C6A2-472F-A2D6-66095EAABB72}.Release|Any CPU.ActiveCfg = Release|Any CPU
		{0009D6C8-C6A2-472F-A2D6-66095EAABB72}.Release|Any CPU.Build.0 = Release|Any CPU
		{0C764EFD-1E2C-4CDC-8316-20DF4ACF9343}.Debug|Any CPU.ActiveCfg = Debug|Any CPU
		{0C764EFD-1E2C-4CDC-8316-20DF4ACF9343}.Debug|Any CPU.Build.0 = Debug|Any CPU
		{0C764EFD-1E2C-4CDC-8316-20DF4ACF9343}.Release|Any CPU.ActiveCfg = Release|Any CPU
		{0C764EFD-1E2C-4CDC-8316-20DF4ACF9343}.Release|Any CPU.Build.0 = Release|Any CPU
		{B274BB61-83AF-48F5-8FA1-014867800CEA}.Debug|Any CPU.ActiveCfg = Debug|Any CPU
		{B274BB61-83AF-48F5-8FA1-014867800CEA}.Debug|Any CPU.Build.0 = Debug|Any CPU
		{B274BB61-83AF-48F5-8FA1-014867800CEA}.Release|Any CPU.ActiveCfg = Release|Any CPU
		{B274BB61-83AF-48F5-8FA1-014867800CEA}.Release|Any CPU.Build.0 = Release|Any CPU
		{655DB2E2-ED7F-413D-9658-32923AD7B846}.Debug|Any CPU.ActiveCfg = Debug|Any CPU
		{655DB2E2-ED7F-413D-9658-32923AD7B846}.Debug|Any CPU.Build.0 = Debug|Any CPU
		{655DB2E2-ED7F-413D-9658-32923AD7B846}.Release|Any CPU.ActiveCfg = Release|Any CPU
		{655DB2E2-ED7F-413D-9658-32923AD7B846}.Release|Any CPU.Build.0 = Release|Any CPU
	EndGlobalSection
	GlobalSection(SolutionProperties) = preSolution
		HideSolutionNode = FALSE
	EndGlobalSection
	GlobalSection(NestedProjects) = preSolution
		{2E979DAE-B6C0-40CB-BFDC-A05D9C37E966} = {2795DDD4-561F-4727-82B6-D897DD5CC23F}
		{83E74D37-5E9D-43E0-8215-B0AFB7951C5C} = {2E979DAE-B6C0-40CB-BFDC-A05D9C37E966}
		{6F5A82A7-60CE-456A-B778-3708F718782F} = {2795DDD4-561F-4727-82B6-D897DD5CC23F}
		{1D15A0E6-8B73-4D34-A8F6-51A25A670B6A} = {6F5A82A7-60CE-456A-B778-3708F718782F}
		{2C72D889-C501-4FFA-BD3F-8D7DB6EE8F93} = {F0D3B4C3-443D-478B-A7A2-2EACBE0A2651}
		{F18A0E41-A242-4914-AA13-CA6570D52D78} = {F0D3B4C3-443D-478B-A7A2-2EACBE0A2651}
		{74B17491-BF8B-4344-BD50-E65FFBC2D28A} = {2C72D889-C501-4FFA-BD3F-8D7DB6EE8F93}
		{22C7846B-B850-4284-AFD2-47376CB3C526} = {F18A0E41-A242-4914-AA13-CA6570D52D78}
		{12D29DDD-139B-4E9F-BBCE-C244C9671385} = {5E34F5D4-A379-4230-8372-4754329537D4}
		{47247BC3-7D16-4DB3-BAF8-AF3ACF3AC69B} = {5E34F5D4-A379-4230-8372-4754329537D4}
		{F904186B-2D2E-4AE5-A27D-AB48CDBD934F} = {12D29DDD-139B-4E9F-BBCE-C244C9671385}
		{5542F78A-9092-44C0-A662-D6724539274B} = {47247BC3-7D16-4DB3-BAF8-AF3ACF3AC69B}
		{58AC81C6-9B36-4353-8C30-A4B1885D9926} = {894E8CEE-AE36-4B9A-92A1-001AD26CC542}
		{AEDFCF48-C452-4A98-A90C-FEED2797EC84} = {894E8CEE-AE36-4B9A-92A1-001AD26CC542}
		{9439E970-D4A1-4E6F-88D7-B1DB03B11556} = {894E8CEE-AE36-4B9A-92A1-001AD26CC542}
		{6D925EB1-D145-499F-B5AE-7FC451587A45} = {58AC81C6-9B36-4353-8C30-A4B1885D9926}
		{5166922C-E24D-4672-AFF3-90411B556A26} = {AEDFCF48-C452-4A98-A90C-FEED2797EC84}
		{445C3D1E-2B80-4B5B-98F9-E84028C175EF} = {9439E970-D4A1-4E6F-88D7-B1DB03B11556}
		{24AFCFFD-AF35-495C-95B7-D79F0C4F7E2B} = {B10B9BFA-4B78-45C4-94BA-B7997B330BC4}
		{44B9AD83-942D-445B-8E39-394D0E4A817B} = {B10B9BFA-4B78-45C4-94BA-B7997B330BC4}
		{6000F794-E7AA-4002-A111-480419225792} = {B10B9BFA-4B78-45C4-94BA-B7997B330BC4}
		{59315549-FAC2-40BC-A636-A3DEB85FF258} = {24AFCFFD-AF35-495C-95B7-D79F0C4F7E2B}
		{AC95403A-943F-47E3-9FB0-F0017E79DDF9} = {44B9AD83-942D-445B-8E39-394D0E4A817B}
		{1278B983-36E9-428E-9718-15829005CCE8} = {6000F794-E7AA-4002-A111-480419225792}
		{08AFD1D8-3E23-4CC6-812C-F611FA893A0D} = {E985E9FF-8937-403C-9114-E83C3DC57F24}
		{0B3BD3B9-F1F1-4084-BB96-1082A9A19B00} = {E985E9FF-8937-403C-9114-E83C3DC57F24}
		{2FA39814-84BC-4FEF-9157-A29CB86BC787} = {E985E9FF-8937-403C-9114-E83C3DC57F24}
		{C64BCC15-D424-4707-BA58-CCABCB6F3FEC} = {E985E9FF-8937-403C-9114-E83C3DC57F24}
		{6D2CC4E8-D2FD-449A-8F90-3770CA2830CB} = {2FA39814-84BC-4FEF-9157-A29CB86BC787}
		{06903949-ED16-498C-B441-B3CD589034BB} = {2FA39814-84BC-4FEF-9157-A29CB86BC787}
		{971A3F12-3A42-42EF-BA25-BD005182ACB1} = {6D2CC4E8-D2FD-449A-8F90-3770CA2830CB}
		{A43D6077-01B6-464F-BF53-6FB58C7E12B2} = {06903949-ED16-498C-B441-B3CD589034BB}
		{79A8648B-A435-47A6-A9D9-61C1C79D6814} = {08AFD1D8-3E23-4CC6-812C-F611FA893A0D}
		{475DE35B-A5E3-4079-992F-9FD46605D6E3} = {08AFD1D8-3E23-4CC6-812C-F611FA893A0D}
		{78A8FC54-DB19-49E8-A16A-9E12246E5496} = {79A8648B-A435-47A6-A9D9-61C1C79D6814}
		{BC68BDD9-0E29-461D-846D-1D6D43738ACF} = {475DE35B-A5E3-4079-992F-9FD46605D6E3}
		{D7281638-0405-498A-8AF1-A10F5E90CED7} = {0B3BD3B9-F1F1-4084-BB96-1082A9A19B00}
		{26975C38-F62A-484A-ABA9-3D4BEE6992D9} = {0B3BD3B9-F1F1-4084-BB96-1082A9A19B00}
		{0E9E0B7E-9FBE-46DE-ABF7-824F1203E203} = {D7281638-0405-498A-8AF1-A10F5E90CED7}
		{437908E4-A0C4-47DA-8622-484352992045} = {26975C38-F62A-484A-ABA9-3D4BEE6992D9}
		{91D0C188-DE38-40E0-B2E5-81D89FEEC29D} = {C64BCC15-D424-4707-BA58-CCABCB6F3FEC}
		{8BEFB534-DBC0-4E26-ADA0-D4650DFA872D} = {C64BCC15-D424-4707-BA58-CCABCB6F3FEC}
		{EEF6DEE1-7D9D-49BD-B058-54CF408AA15B} = {91D0C188-DE38-40E0-B2E5-81D89FEEC29D}
		{BF6058D0-E9D1-4079-80E1-37C1EADD4B81} = {8BEFB534-DBC0-4E26-ADA0-D4650DFA872D}
		{39D66565-F5E0-4475-B1DE-A4A180D357FE} = {2CB005B7-AFEF-40F7-93B2-6D64BAA99916}
		{416B7CC6-A9D3-44C3-878D-F41220AF7BEB} = {39D66565-F5E0-4475-B1DE-A4A180D357FE}
		{0CA67751-6760-4494-B1B3-21AF3273B527} = {2CB005B7-AFEF-40F7-93B2-6D64BAA99916}
		{7478261F-2BEF-4788-97AC-151C6FB8E4D2} = {0CA67751-6760-4494-B1B3-21AF3273B527}
		{9B90489F-6885-4F22-A12A-DA9685696271} = {2CB005B7-AFEF-40F7-93B2-6D64BAA99916}
		{35627D17-DBA5-45CE-A4C6-8139E2FD9E95} = {9B90489F-6885-4F22-A12A-DA9685696271}
		{0069ECFF-95FC-4342-A09A-D8B1AC4D2D8A} = {2CB005B7-AFEF-40F7-93B2-6D64BAA99916}
		{7D01E8E0-B742-4755-B20A-B749B94360EC} = {0069ECFF-95FC-4342-A09A-D8B1AC4D2D8A}
		{FA7206D5-08C8-40AF-84E2-AA3D9BF60121} = {416B7CC6-A9D3-44C3-878D-F41220AF7BEB}
		{79D946E6-D2A4-4926-97C0-9213C2206B76} = {35627D17-DBA5-45CE-A4C6-8139E2FD9E95}
		{4BEA5EF8-C517-471C-8466-DC4096FCCB94} = {7478261F-2BEF-4788-97AC-151C6FB8E4D2}
		{856C978B-DB36-48E9-915F-25ADB8AF59CF} = {7D01E8E0-B742-4755-B20A-B749B94360EC}
		{1E50544F-00DC-4112-A0FA-D199406C3617} = {5226E6AC-BF11-4FF2-8294-DD799E3C5EC4}
		{40BCF957-9ECC-4CAE-874E-EF7F98C1EFA8} = {5226E6AC-BF11-4FF2-8294-DD799E3C5EC4}
		{2B737A11-52CA-4652-BC3F-C1D059BCE8AF} = {1E50544F-00DC-4112-A0FA-D199406C3617}
		{677C039D-F8DA-4E4C-8336-062D3BEF0B89} = {1E50544F-00DC-4112-A0FA-D199406C3617}
		{16831CE6-15FD-4548-8D75-1171498AD666} = {1E50544F-00DC-4112-A0FA-D199406C3617}
		{73629EF4-102E-45BC-B5EB-82A20FE43F86} = {1E50544F-00DC-4112-A0FA-D199406C3617}
		{1AECDFEB-CEB4-4257-AF21-8298FF7826C6} = {40BCF957-9ECC-4CAE-874E-EF7F98C1EFA8}
		{9B163018-AB20-421B-9B5D-9A07740106B6} = {40BCF957-9ECC-4CAE-874E-EF7F98C1EFA8}
		{1DA69265-D845-41C2-B06D-17400CB643BA} = {40BCF957-9ECC-4CAE-874E-EF7F98C1EFA8}
		{748FDA08-FFEB-43A0-8D3A-7BF0CE82AF15} = {40BCF957-9ECC-4CAE-874E-EF7F98C1EFA8}
		{46A762F6-629F-4D0A-B01C-8C8D94672197} = {9B163018-AB20-421B-9B5D-9A07740106B6}
		{49D0B2D7-C0FE-4FED-AC7D-A33AAE326E2C} = {677C039D-F8DA-4E4C-8336-062D3BEF0B89}
		{7B30D795-FE12-4FD3-9C41-74401C730135} = {1AECDFEB-CEB4-4257-AF21-8298FF7826C6}
		{0CCF92B7-0415-434A-AAE5-8B3BCDDE39DF} = {5226E6AC-BF11-4FF2-8294-DD799E3C5EC4}
		{3032210F-302A-4A71-84D4-DDCB9B15443F} = {2B737A11-52CA-4652-BC3F-C1D059BCE8AF}
		{5F198116-845F-48CD-B260-B7F92CC09033} = {16831CE6-15FD-4548-8D75-1171498AD666}
		{0009D6C8-C6A2-472F-A2D6-66095EAABB72} = {73629EF4-102E-45BC-B5EB-82A20FE43F86}
		{0C764EFD-1E2C-4CDC-8316-20DF4ACF9343} = {1DA69265-D845-41C2-B06D-17400CB643BA}
		{B274BB61-83AF-48F5-8FA1-014867800CEA} = {748FDA08-FFEB-43A0-8D3A-7BF0CE82AF15}
		{871ECC8C-683E-4C8C-8D85-EE3264457384} = {D7A0E5C0-4286-4D95-9C59-E59F3D31945F}
		{655DB2E2-ED7F-413D-9658-32923AD7B846} = {871ECC8C-683E-4C8C-8D85-EE3264457384}
	EndGlobalSection
	GlobalSection(ExtensibilityGlobals) = postSolution
		SolutionGuid = {D46B67E9-3E39-4E9B-9522-6AC55C28A10C}
	EndGlobalSection
EndGlobal
